
Microsoft Visual Studio Solution File, Format Version 12.00
# Visual Studio Version 17
VisualStudioVersion = 17.8.34309.116
MinimumVisualStudioVersion = 10.0.40219.1
Project("{FAE04EC0-301F-11D3-BF4B-00C04F79EFBC}") = "ClassLibrarySquares", "ClassLibrarySquares\ClassLibrarySquares.csproj", "{76AD1811-AAE9-4CBD-9D97-83F0B8FD01C4}"
EndProject
Project("{FAE04EC0-301F-11D3-BF4B-00C04F79EFBC}") = "TestsSquare", "TestsSquare\TestsSquare.csproj", "{0F8E13B8-DB67-4744-81C5-34343D7337F6}"
EndProject
Project("{FAE04EC0-301F-11D3-BF4B-00C04F79EFBC}") = "FormsSquare", "FormsSquare\FormsSquare.csproj", "{9B2C3879-D25C-406B-B077-112DB9A446B6}"
EndProject
Global
	GlobalSection(SolutionConfigurationPlatforms) = preSolution
		Debug|Any CPU = Debug|Any CPU
		Release|Any CPU = Release|Any CPU
	EndGlobalSection
	GlobalSection(ProjectConfigurationPlatforms) = postSolution
		{76AD1811-AAE9-4CBD-9D97-83F0B8FD01C4}.Debug|Any CPU.ActiveCfg = Debug|Any CPU
		{76AD1811-AAE9-4CBD-9D97-83F0B8FD01C4}.Debug|Any CPU.Build.0 = Debug|Any CPU
		{76AD1811-AAE9-4CBD-9D97-83F0B8FD01C4}.Release|Any CPU.ActiveCfg = Release|Any CPU
		{76AD1811-AAE9-4CBD-9D97-83F0B8FD01C4}.Release|Any CPU.Build.0 = Release|Any CPU
		{0F8E13B8-DB67-4744-81C5-34343D7337F6}.Debug|Any CPU.ActiveCfg = Debug|Any CPU
		{0F8E13B8-DB67-4744-81C5-34343D7337F6}.Debug|Any CPU.Build.0 = Debug|Any CPU
		{0F8E13B8-DB67-4744-81C5-34343D7337F6}.Release|Any CPU.ActiveCfg = Release|Any CPU
		{0F8E13B8-DB67-4744-81C5-34343D7337F6}.Release|Any CPU.Build.0 = Release|Any CPU
		{9B2C3879-D25C-406B-B077-112DB9A446B6}.Debug|Any CPU.ActiveCfg = Debug|Any CPU
		{9B2C3879-D25C-406B-B077-112DB9A446B6}.Debug|Any CPU.Build.0 = Debug|Any CPU
		{9B2C3879-D25C-406B-B077-112DB9A446B6}.Release|Any CPU.ActiveCfg = Release|Any CPU
		{9B2C3879-D25C-406B-B077-112DB9A446B6}.Release|Any CPU.Build.0 = Release|Any CPU
	EndGlobalSection
	GlobalSection(SolutionProperties) = preSolution
		HideSolutionNode = FALSE
	EndGlobalSection
	GlobalSection(ExtensibilityGlobals) = postSolution
		SolutionGuid = {3411AFCD-1F3B-4A60-809D-BE0E9ACDD6EF}
	EndGlobalSection
EndGlobal
